
Microsoft Visual Studio Solution File, Format Version 12.00
# Visual Studio Version 17
VisualStudioVersion = 17.10.34916.146
MinimumVisualStudioVersion = 10.0.40219.1
Project("{FAE04EC0-301F-11D3-BF4B-00C04F79EFBC}") = "EMSWebApp", "EMSWebApp\EMSWebApp.csproj", "{6CF03F37-E6C9-45AE-8143-FBC1B34B23E2}"
EndProject
Global
	GlobalSection(SolutionConfigurationPlatforms) = preSolution
		Debug|Any CPU = Debug|Any CPU
		Release|Any CPU = Release|Any CPU
	EndGlobalSection
	GlobalSection(ProjectConfigurationPlatforms) = postSolution
		{6CF03F37-E6C9-45AE-8143-FBC1B34B23E2}.Debug|Any CPU.ActiveCfg = Debug|Any CPU
		{6CF03F37-E6C9-45AE-8143-FBC1B34B23E2}.Debug|Any CPU.Build.0 = Debug|Any CPU
		{6CF03F37-E6C9-45AE-8143-FBC1B34B23E2}.Release|Any CPU.ActiveCfg = Release|Any CPU
		{6CF03F37-E6C9-45AE-8143-FBC1B34B23E2}.Release|Any CPU.Build.0 = Release|Any CPU
	EndGlobalSection
	GlobalSection(SolutionProperties) = preSolution
		HideSolutionNode = FALSE
	EndGlobalSection
	GlobalSection(ExtensibilityGlobals) = postSolution
		SolutionGuid = {30DC54D3-5FA1-42F6-B72B-7F24B8AA1133}
	EndGlobalSection
EndGlobal
